
Microsoft Visual Studio Solution File, Format Version 12.00
# Visual Studio Version 17
VisualStudioVersion = 17.8.34330.188
MinimumVisualStudioVersion = 10.0.40219.1
Project("{FAE04EC0-301F-11D3-BF4B-00C04F79EFBC}") = "MirthApp", "MirthApp.csproj", "{F94EE3F9-1323-4AFC-A9D7-78C49171BA1B}"
EndProject
Global
	GlobalSection(SolutionConfigurationPlatforms) = preSolution
		Debug|Any CPU = Debug|Any CPU
		Release|Any CPU = Release|Any CPU
	EndGlobalSection
	GlobalSection(ProjectConfigurationPlatforms) = postSolution
		{F94EE3F9-1323-4AFC-A9D7-78C49171BA1B}.Debug|Any CPU.ActiveCfg = Debug|Any CPU
		{F94EE3F9-1323-4AFC-A9D7-78C49171BA1B}.Debug|Any CPU.Build.0 = Debug|Any CPU
		{F94EE3F9-1323-4AFC-A9D7-78C49171BA1B}.Debug|Any CPU.Deploy.0 = Debug|Any CPU
		{F94EE3F9-1323-4AFC-A9D7-78C49171BA1B}.Release|Any CPU.ActiveCfg = Release|Any CPU
		{F94EE3F9-1323-4AFC-A9D7-78C49171BA1B}.Release|Any CPU.Build.0 = Release|Any CPU
		{F94EE3F9-1323-4AFC-A9D7-78C49171BA1B}.Release|Any CPU.Deploy.0 = Release|Any CPU
	EndGlobalSection
	GlobalSection(SolutionProperties) = preSolution
		HideSolutionNode = FALSE
	EndGlobalSection
	GlobalSection(ExtensibilityGlobals) = postSolution
		SolutionGuid = {D0F3E94A-79E1-40BF-B21C-D4B8C4725517}
	EndGlobalSection
EndGlobal
